
Microsoft Visual Studio Solution File, Format Version 12.00
# Visual Studio 15
VisualStudioVersion = 15.0.28307.852
MinimumVisualStudioVersion = 10.0.40219.1
Project("{9A19103F-16F7-4668-BE54-9A1E7A4F7556}") = "Presence.API", "Presence.API\Presence.API.csproj", "{1CA8704E-3E3F-49B5-A358-DB4B67F158FA}"
EndProject
Project("{FAE04EC0-301F-11D3-BF4B-00C04F79EFBC}") = "Presence.IntegrationTests", "Presence.IntegrationTests\Presence.IntegrationTests.csproj", "{24E8F908-3253-47BF-A327-8F75DE4174E6}"
EndProject
Global
	GlobalSection(SolutionConfigurationPlatforms) = preSolution
		Debug|Any CPU = Debug|Any CPU
		Release|Any CPU = Release|Any CPU
	EndGlobalSection
	GlobalSection(ProjectConfigurationPlatforms) = postSolution
		{1CA8704E-3E3F-49B5-A358-DB4B67F158FA}.Debug|Any CPU.ActiveCfg = Debug|Any CPU
		{1CA8704E-3E3F-49B5-A358-DB4B67F158FA}.Debug|Any CPU.Build.0 = Debug|Any CPU
		{1CA8704E-3E3F-49B5-A358-DB4B67F158FA}.Release|Any CPU.ActiveCfg = Release|Any CPU
		{1CA8704E-3E3F-49B5-A358-DB4B67F158FA}.Release|Any CPU.Build.0 = Release|Any CPU
		{24E8F908-3253-47BF-A327-8F75DE4174E6}.Debug|Any CPU.ActiveCfg = Debug|Any CPU
		{24E8F908-3253-47BF-A327-8F75DE4174E6}.Debug|Any CPU.Build.0 = Debug|Any CPU
		{24E8F908-3253-47BF-A327-8F75DE4174E6}.Release|Any CPU.ActiveCfg = Release|Any CPU
		{24E8F908-3253-47BF-A327-8F75DE4174E6}.Release|Any CPU.Build.0 = Release|Any CPU
	EndGlobalSection
	GlobalSection(SolutionProperties) = preSolution
		HideSolutionNode = FALSE
	EndGlobalSection
	GlobalSection(ExtensibilityGlobals) = postSolution
		SolutionGuid = {EC55956A-B308-42E4-B911-29D93AB74B2D}
	EndGlobalSection
EndGlobal
